
Microsoft Visual Studio Solution File, Format Version 12.00
# Visual Studio Version 16
VisualStudioVersion = 16.0.33027.164
MinimumVisualStudioVersion = 10.0.40219.1
Project("{FAE04EC0-301F-11D3-BF4B-00C04F79EFBC}") = "WebApplication1", "WebApplication1.csproj", "{9529B1C1-C063-43DC-B8FD-74818FD28EBB}"
EndProject
Global
	GlobalSection(SolutionConfigurationPlatforms) = preSolution
		Debug|Any CPU = Debug|Any CPU
		Release|Any CPU = Release|Any CPU
	EndGlobalSection
	GlobalSection(ProjectConfigurationPlatforms) = postSolution
		{9529B1C1-C063-43DC-B8FD-74818FD28EBB}.Debug|Any CPU.ActiveCfg = Debug|Any CPU
		{9529B1C1-C063-43DC-B8FD-74818FD28EBB}.Debug|Any CPU.Build.0 = Debug|Any CPU
		{9529B1C1-C063-43DC-B8FD-74818FD28EBB}.Release|Any CPU.ActiveCfg = Release|Any CPU
		{9529B1C1-C063-43DC-B8FD-74818FD28EBB}.Release|Any CPU.Build.0 = Release|Any CPU
	EndGlobalSection
	GlobalSection(SolutionProperties) = preSolution
		HideSolutionNode = FALSE
	EndGlobalSection
	GlobalSection(ExtensibilityGlobals) = postSolution
		SolutionGuid = {E41FF3DB-0D66-4C0B-A7AC-9941C7A0614E}
	EndGlobalSection
EndGlobal
